
Microsoft Visual Studio Solution File, Format Version 12.00
# Visual Studio Version 16
VisualStudioVersion = 16.0.30114.105
MinimumVisualStudioVersion = 10.0.40219.1
Project("{F184B08F-C81C-45F6-A57F-5ABD9991F28F}") = "MvcCustomTextForInternalDashboardErrors", "MvcCustomTextForInternalDashboardErrors\MvcCustomTextForInternalDashboardErrors.vbproj", "{B95B2C26-4824-436A-8CB3-A2FC26C05ACB}"
EndProject
Project("{F184B08F-C81C-45F6-A57F-5ABD9991F28F}") = "MvcThrowCustomExceptionDashboardErrorToast", "MvcThrowCustomExceptionDashboardErrorToast\MvcThrowCustomExceptionDashboardErrorToast.vbproj", "{54F82143-D223-47D1-B491-69DF71BBB61E}"
EndProject
Global
	GlobalSection(SolutionConfigurationPlatforms) = preSolution
		Debug|Any CPU = Debug|Any CPU
		Release|Any CPU = Release|Any CPU
	EndGlobalSection
	GlobalSection(ProjectConfigurationPlatforms) = postSolution
		{B95B2C26-4824-436A-8CB3-A2FC26C05ACB}.Debug|Any CPU.ActiveCfg = Debug|Any CPU
		{B95B2C26-4824-436A-8CB3-A2FC26C05ACB}.Debug|Any CPU.Build.0 = Debug|Any CPU
		{B95B2C26-4824-436A-8CB3-A2FC26C05ACB}.Release|Any CPU.ActiveCfg = Release|Any CPU
		{B95B2C26-4824-436A-8CB3-A2FC26C05ACB}.Release|Any CPU.Build.0 = Release|Any CPU
		{54F82143-D223-47D1-B491-69DF71BBB61E}.Debug|Any CPU.ActiveCfg = Debug|Any CPU
		{54F82143-D223-47D1-B491-69DF71BBB61E}.Debug|Any CPU.Build.0 = Debug|Any CPU
		{54F82143-D223-47D1-B491-69DF71BBB61E}.Release|Any CPU.ActiveCfg = Release|Any CPU
		{54F82143-D223-47D1-B491-69DF71BBB61E}.Release|Any CPU.Build.0 = Release|Any CPU
	EndGlobalSection
	GlobalSection(SolutionProperties) = preSolution
		HideSolutionNode = FALSE
	EndGlobalSection
	GlobalSection(ExtensibilityGlobals) = postSolution
		SolutionGuid = {3866D396-7DE9-4657-843E-965BEFEF7760}
	EndGlobalSection
EndGlobal
